
Microsoft Visual Studio Solution File, Format Version 12.00
# Visual Studio Version 17
VisualStudioVersion = 17.8.34330.188
MinimumVisualStudioVersion = 10.0.40219.1
Project("{FAE04EC0-301F-11D3-BF4B-00C04F79EFBC}") = "AtividadePOO12", "AtividadePOO12\AtividadePOO12.csproj", "{40F1F0A5-4129-4CAB-BC15-3517AD6A58AE}"
EndProject
Global
	GlobalSection(SolutionConfigurationPlatforms) = preSolution
		Debug|Any CPU = Debug|Any CPU
		Release|Any CPU = Release|Any CPU
	EndGlobalSection
	GlobalSection(ProjectConfigurationPlatforms) = postSolution
		{40F1F0A5-4129-4CAB-BC15-3517AD6A58AE}.Debug|Any CPU.ActiveCfg = Debug|Any CPU
		{40F1F0A5-4129-4CAB-BC15-3517AD6A58AE}.Debug|Any CPU.Build.0 = Debug|Any CPU
		{40F1F0A5-4129-4CAB-BC15-3517AD6A58AE}.Release|Any CPU.ActiveCfg = Release|Any CPU
		{40F1F0A5-4129-4CAB-BC15-3517AD6A58AE}.Release|Any CPU.Build.0 = Release|Any CPU
	EndGlobalSection
	GlobalSection(SolutionProperties) = preSolution
		HideSolutionNode = FALSE
	EndGlobalSection
	GlobalSection(ExtensibilityGlobals) = postSolution
		SolutionGuid = {B02B26EE-6320-4B44-8103-F36A244756C3}
	EndGlobalSection
EndGlobal
